
Microsoft Visual Studio Solution File, Format Version 12.00
Project("{FAE04EC0-301F-11D3-BF4B-00C04F79EFBC}") = "Publisher", "Publisher\Publisher.csproj", "{8B412474-6476-41EA-8647-C70905F6264C}"
EndProject
Project("{FAE04EC0-301F-11D3-BF4B-00C04F79EFBC}") = "ConsumerOne", "ConsumerOne\ConsumerOne.csproj", "{3C995626-ABB6-4EFD-8EEB-66E7C6C41B3B}"
EndProject
Project("{FAE04EC0-301F-11D3-BF4B-00C04F79EFBC}") = "ConsumerTwo", "ConsumerTwo\ConsumerTwo.csproj", "{A12E5FD2-B285-492E-801C-0210B0B2AAC7}"
EndProject
Project("{FAE04EC0-301F-11D3-BF4B-00C04F79EFBC}") = "SharedLuxury", "SharedLuxury\SharedLuxury.csproj", "{84888751-B2C4-4277-9301-5E6EA66E1F23}"
EndProject
Project("{2150E333-8FDC-42A3-9474-1A3956D46DE8}") = "RabbitMQ", "RabbitMQ", "{231E5443-4E3E-4737-961E-BB1C4ABDBB7F}"
EndProject
Project("{2150E333-8FDC-42A3-9474-1A3956D46DE8}") = "MassTransitRabbitMQ", "MassTransitRabbitMQ", "{0AE6269F-A9EC-4A42-BD43-97438C07C349}"
EndProject
Project("{2150E333-8FDC-42A3-9474-1A3956D46DE8}") = "Solution Items", "Solution Items", "{8C014547-51F9-4528-8CBE-3BFB0E58A6A7}"
	ProjectSection(SolutionItems) = preProject
		MasstransitRabbitMQ.md = MasstransitRabbitMQ.md
		RabbitMQ.md = RabbitMQ.md
	EndProjectSection
EndProject
Global
	GlobalSection(SolutionConfigurationPlatforms) = preSolution
		Debug|Any CPU = Debug|Any CPU
		Release|Any CPU = Release|Any CPU
	EndGlobalSection
	GlobalSection(ProjectConfigurationPlatforms) = postSolution
		{8B412474-6476-41EA-8647-C70905F6264C}.Debug|Any CPU.ActiveCfg = Debug|Any CPU
		{8B412474-6476-41EA-8647-C70905F6264C}.Debug|Any CPU.Build.0 = Debug|Any CPU
		{8B412474-6476-41EA-8647-C70905F6264C}.Release|Any CPU.ActiveCfg = Release|Any CPU
		{8B412474-6476-41EA-8647-C70905F6264C}.Release|Any CPU.Build.0 = Release|Any CPU
		{3C995626-ABB6-4EFD-8EEB-66E7C6C41B3B}.Debug|Any CPU.ActiveCfg = Debug|Any CPU
		{3C995626-ABB6-4EFD-8EEB-66E7C6C41B3B}.Debug|Any CPU.Build.0 = Debug|Any CPU
		{3C995626-ABB6-4EFD-8EEB-66E7C6C41B3B}.Release|Any CPU.ActiveCfg = Release|Any CPU
		{3C995626-ABB6-4EFD-8EEB-66E7C6C41B3B}.Release|Any CPU.Build.0 = Release|Any CPU
		{A12E5FD2-B285-492E-801C-0210B0B2AAC7}.Debug|Any CPU.ActiveCfg = Debug|Any CPU
		{A12E5FD2-B285-492E-801C-0210B0B2AAC7}.Debug|Any CPU.Build.0 = Debug|Any CPU
		{A12E5FD2-B285-492E-801C-0210B0B2AAC7}.Release|Any CPU.ActiveCfg = Release|Any CPU
		{A12E5FD2-B285-492E-801C-0210B0B2AAC7}.Release|Any CPU.Build.0 = Release|Any CPU
		{84888751-B2C4-4277-9301-5E6EA66E1F23}.Debug|Any CPU.ActiveCfg = Debug|Any CPU
		{84888751-B2C4-4277-9301-5E6EA66E1F23}.Debug|Any CPU.Build.0 = Debug|Any CPU
		{84888751-B2C4-4277-9301-5E6EA66E1F23}.Release|Any CPU.ActiveCfg = Release|Any CPU
		{84888751-B2C4-4277-9301-5E6EA66E1F23}.Release|Any CPU.Build.0 = Release|Any CPU
	EndGlobalSection
	GlobalSection(NestedProjects) = preSolution
		{3C995626-ABB6-4EFD-8EEB-66E7C6C41B3B} = {231E5443-4E3E-4737-961E-BB1C4ABDBB7F}
		{A12E5FD2-B285-492E-801C-0210B0B2AAC7} = {231E5443-4E3E-4737-961E-BB1C4ABDBB7F}
		{8B412474-6476-41EA-8647-C70905F6264C} = {231E5443-4E3E-4737-961E-BB1C4ABDBB7F}
	EndGlobalSection
EndGlobal
